
Microsoft Visual Studio Solution File, Format Version 12.00
# Visual Studio Version 17
VisualStudioVersion = 17.14.36301.6 d17.14
MinimumVisualStudioVersion = 10.0.40219.1
Project("{FAE04EC0-301F-11D3-BF4B-00C04F79EFBC}") = "Car Rental Management System", "Car Rental Management System\Car Rental Management System.csproj", "{74FAC60B-A65E-49FB-B984-28FE6D567A85}"
EndProject
Global
	GlobalSection(SolutionConfigurationPlatforms) = preSolution
		Debug|Any CPU = Debug|Any CPU
		Release|Any CPU = Release|Any CPU
	EndGlobalSection
	GlobalSection(ProjectConfigurationPlatforms) = postSolution
		{74FAC60B-A65E-49FB-B984-28FE6D567A85}.Debug|Any CPU.ActiveCfg = Debug|Any CPU
		{74FAC60B-A65E-49FB-B984-28FE6D567A85}.Debug|Any CPU.Build.0 = Debug|Any CPU
		{74FAC60B-A65E-49FB-B984-28FE6D567A85}.Release|Any CPU.ActiveCfg = Release|Any CPU
		{74FAC60B-A65E-49FB-B984-28FE6D567A85}.Release|Any CPU.Build.0 = Release|Any CPU
	EndGlobalSection
	GlobalSection(SolutionProperties) = preSolution
		HideSolutionNode = FALSE
	EndGlobalSection
	GlobalSection(ExtensibilityGlobals) = postSolution
		SolutionGuid = {10678B43-A796-41B1-8514-94F95E58BBF1}
	EndGlobalSection
EndGlobal
